// !$*UTF8*$!
{
	archiveVersion = 1;
	classes = {
	};
	objectVersion = 48;
	objects = {

/* Begin PBXBuildFile section */
		1435D0C71F979F9A00C9C8CB /* GradientView.swift in Sources */ = {isa = PBXBuildFile; fileRef = 1435D0C61F979F9A00C9C8CB /* GradientView.swift */; };
		1435D0CA1F9920A200C9C8CB /* Constants.swift in Sources */ = {isa = PBXBuildFile; fileRef = 1435D0C91F9920A200C9C8CB /* Constants.swift */; };
		1435D0CC1F99567A00C9C8CB /* LoginVC.swift in Sources */ = {isa = PBXBuildFile; fileRef = 1435D0CB1F99567A00C9C8CB /* LoginVC.swift */; };
		1435D0CE1F9986EC00C9C8CB /* CreateAccountVC.swift in Sources */ = {isa = PBXBuildFile; fileRef = 1435D0CD1F9986EC00C9C8CB /* CreateAccountVC.swift */; };
		1465FA131F91993900872EAC /* AppDelegate.swift in Sources */ = {isa = PBXBuildFile; fileRef = 1465FA121F91993900872EAC /* AppDelegate.swift */; };
		1465FA181F91993900872EAC /* Main.storyboard in Resources */ = {isa = PBXBuildFile; fileRef = 1465FA161F91993900872EAC /* Main.storyboard */; };
		1465FA1A1F91993900872EAC /* Assets.xcassets in Resources */ = {isa = PBXBuildFile; fileRef = 1465FA191F91993900872EAC /* Assets.xcassets */; };
		1465FA1D1F91993900872EAC /* LaunchScreen.storyboard in Resources */ = {isa = PBXBuildFile; fileRef = 1465FA1B1F91993900872EAC /* LaunchScreen.storyboard */; };
		1465FA2C1F95203A00872EAC /* ChatVC.swift in Sources */ = {isa = PBXBuildFile; fileRef = 1465FA2B1F95203A00872EAC /* ChatVC.swift */; };
		1465FA2E1F95209D00872EAC /* ChannelVC.swift in Sources */ = {isa = PBXBuildFile; fileRef = 1465FA2D1F95209D00872EAC /* ChannelVC.swift */; };
		14934FE21F9547F300FD3B01 /* SWRevealViewController.m in Sources */ = {isa = PBXBuildFile; fileRef = 1465FA261F91CEEF00872EAC /* SWRevealViewController.m */; };
		14CBA6B11F9A8D51000F3797 /* AuthService.swift in Sources */ = {isa = PBXBuildFile; fileRef = 14CBA6B01F9A8D51000F3797 /* AuthService.swift */; };
		8AC1E1EE57417F35E7023F1C /* Pods_Smack.framework in Frameworks */ = {isa = PBXBuildFile; fileRef = 091E32F02B399ABA4E0BF9F3 /* Pods_Smack.framework */; };
/* End PBXBuildFile section */

/* Begin PBXFileReference section */
		091E32F02B399ABA4E0BF9F3 /* Pods_Smack.framework */ = {isa = PBXFileReference; explicitFileType = wrapper.framework; includeInIndex = 0; path = Pods_Smack.framework; sourceTree = BUILT_PRODUCTS_DIR; };
		1435D0C61F979F9A00C9C8CB /* GradientView.swift */ = {isa = PBXFileReference; lastKnownFileType = sourcecode.swift; path = GradientView.swift; sourceTree = "<group>"; };
		1435D0C91F9920A200C9C8CB /* Constants.swift */ = {isa = PBXFileReference; lastKnownFileType = sourcecode.swift; path = Constants.swift; sourceTree = "<group>"; };
		1435D0CB1F99567A00C9C8CB /* LoginVC.swift */ = {isa = PBXFileReference; lastKnownFileType = sourcecode.swift; path = LoginVC.swift; sourceTree = "<group>"; };
		1435D0CD1F9986EC00C9C8CB /* CreateAccountVC.swift */ = {isa = PBXFileReference; lastKnownFileType = sourcecode.swift; path = CreateAccountVC.swift; sourceTree = "<group>"; };
		1465FA0F1F91993900872EAC /* Smack.app */ = {isa = PBXFileReference; explicitFileType = wrapper.application; includeInIndex = 0; path = Smack.app; sourceTree = BUILT_PRODUCTS_DIR; };
		1465FA121F91993900872EAC /* AppDelegate.swift */ = {isa = PBXFileReference; lastKnownFileType = sourcecode.swift; path = AppDelegate.swift; sourceTree = "<group>"; };
		1465FA171F91993900872EAC /* Base */ = {isa = PBXFileReference; lastKnownFileType = file.storyboard; name = Base; path = Base.lproj/Main.storyboard; sourceTree = "<group>"; };
		1465FA191F91993900872EAC /* Assets.xcassets */ = {isa = PBXFileReference; lastKnownFileType = folder.assetcatalog; path = Assets.xcassets; sourceTree = "<group>"; };
		1465FA1C1F91993900872EAC /* Base */ = {isa = PBXFileReference; lastKnownFileType = file.storyboard; name = Base; path = Base.lproj/LaunchScreen.storyboard; sourceTree = "<group>"; };
		1465FA1E1F91993900872EAC /* Info.plist */ = {isa = PBXFileReference; lastKnownFileType = text.plist.xml; path = Info.plist; sourceTree = "<group>"; };
		1465FA251F91CEEE00872EAC /* Smack-Bridging-Header.h */ = {isa = PBXFileReference; lastKnownFileType = sourcecode.c.h; path = "Smack-Bridging-Header.h"; sourceTree = "<group>"; };
		1465FA261F91CEEF00872EAC /* SWRevealViewController.m */ = {isa = PBXFileReference; lastKnownFileType = sourcecode.c.objc; path = SWRevealViewController.m; sourceTree = "<group>"; };
		1465FA271F91CEEF00872EAC /* SWRevealViewController.h */ = {isa = PBXFileReference; lastKnownFileType = sourcecode.c.h; path = SWRevealViewController.h; sourceTree = "<group>"; };
		1465FA2B1F95203A00872EAC /* ChatVC.swift */ = {isa = PBXFileReference; lastKnownFileType = sourcecode.swift; path = ChatVC.swift; sourceTree = "<group>"; };
		1465FA2D1F95209D00872EAC /* ChannelVC.swift */ = {isa = PBXFileReference; lastKnownFileType = sourcecode.swift; path = ChannelVC.swift; sourceTree = "<group>"; };
		14CBA6B01F9A8D51000F3797 /* AuthService.swift */ = {isa = PBXFileReference; lastKnownFileType = sourcecode.swift; path = AuthService.swift; sourceTree = "<group>"; };
		94DA9F01D19F219BF7FF9191 /* Pods-Smack.release.xcconfig */ = {isa = PBXFileReference; includeInIndex = 1; lastKnownFileType = text.xcconfig; name = "Pods-Smack.release.xcconfig"; path = "Pods/Target Support Files/Pods-Smack/Pods-Smack.release.xcconfig"; sourceTree = "<group>"; };
		D44E365DB3570BFB281E107E /* Pods-Smack.debug.xcconfig */ = {isa = PBXFileReference; includeInIndex = 1; lastKnownFileType = text.xcconfig; name = "Pods-Smack.debug.xcconfig"; path = "Pods/Target Support Files/Pods-Smack/Pods-Smack.debug.xcconfig"; sourceTree = "<group>"; };
/* End PBXFileReference section */

/* Begin PBXFrameworksBuildPhase section */
		1465FA0C1F91993900872EAC /* Frameworks */ = {
			isa = PBXFrameworksBuildPhase;
			buildActionMask = 2147483647;
			files = (
				8AC1E1EE57417F35E7023F1C /* Pods_Smack.framework in Frameworks */,
			);
			runOnlyForDeploymentPostprocessing = 0;
		};
/* End PBXFrameworksBuildPhase section */

/* Begin PBXGroup section */
		1435D0C81F99207B00C9C8CB /* Utilities */ = {
			isa = PBXGroup;
			children = (
				1435D0C91F9920A200C9C8CB /* Constants.swift */,
			);
			path = Utilities;
			sourceTree = "<group>";
		};
		1465FA061F91993900872EAC = {
			isa = PBXGroup;
			children = (
				1465FA111F91993900872EAC /* Smack */,
				1465FA101F91993900872EAC /* Products */,
				E90B406F28063AB8402AF933 /* Pods */,
				A0D9A88B88202F5BF6E7D1A6 /* Frameworks */,
			);
			sourceTree = "<group>";
		};
		1465FA101F91993900872EAC /* Products */ = {
			isa = PBXGroup;
			children = (
				1465FA0F1F91993900872EAC /* Smack.app */,
			);
			name = Products;
			sourceTree = "<group>";
		};
		1465FA111F91993900872EAC /* Smack */ = {
			isa = PBXGroup;
			children = (
				14CBA6AF1F9A8D3D000F3797 /* Services */,
				1435D0C81F99207B00C9C8CB /* Utilities */,
				1465FA2A1F951FDE00872EAC /* Model */,
				1465FA291F951FD700872EAC /* View */,
				1465FA281F951FD100872EAC /* Controller */,
				1465FA241F91CEB400872EAC /* Supporting Files */,
				1465FA121F91993900872EAC /* AppDelegate.swift */,
				1465FA161F91993900872EAC /* Main.storyboard */,
				1465FA191F91993900872EAC /* Assets.xcassets */,
				1465FA1B1F91993900872EAC /* LaunchScreen.storyboard */,
				1465FA1E1F91993900872EAC /* Info.plist */,
			);
			path = Smack;
			sourceTree = "<group>";
		};
		1465FA241F91CEB400872EAC /* Supporting Files */ = {
			isa = PBXGroup;
			children = (
				1465FA271F91CEEF00872EAC /* SWRevealViewController.h */,
				1465FA261F91CEEF00872EAC /* SWRevealViewController.m */,
				1465FA251F91CEEE00872EAC /* Smack-Bridging-Header.h */,
			);
			path = "Supporting Files";
			sourceTree = "<group>";
		};
		1465FA281F951FD100872EAC /* Controller */ = {
			isa = PBXGroup;
			children = (
				1465FA2B1F95203A00872EAC /* ChatVC.swift */,
				1465FA2D1F95209D00872EAC /* ChannelVC.swift */,
				1435D0CB1F99567A00C9C8CB /* LoginVC.swift */,
				1435D0CD1F9986EC00C9C8CB /* CreateAccountVC.swift */,
			);
			path = Controller;
			sourceTree = "<group>";
		};
		1465FA291F951FD700872EAC /* View */ = {
			isa = PBXGroup;
			children = (
				1435D0C61F979F9A00C9C8CB /* GradientView.swift */,
			);
			path = View;
			sourceTree = "<group>";
		};
		1465FA2A1F951FDE00872EAC /* Model */ = {
			isa = PBXGroup;
			children = (
			);
			path = Model;
			sourceTree = "<group>";
		};
		14CBA6AF1F9A8D3D000F3797 /* Services */ = {
			isa = PBXGroup;
			children = (
				14CBA6B01F9A8D51000F3797 /* AuthService.swift */,
			);
			path = Services;
			sourceTree = "<group>";
		};
		A0D9A88B88202F5BF6E7D1A6 /* Frameworks */ = {
			isa = PBXGroup;
			children = (
				091E32F02B399ABA4E0BF9F3 /* Pods_Smack.framework */,
			);
			name = Frameworks;
			sourceTree = "<group>";
		};
		E90B406F28063AB8402AF933 /* Pods */ = {
			isa = PBXGroup;
			children = (
				D44E365DB3570BFB281E107E /* Pods-Smack.debug.xcconfig */,
				94DA9F01D19F219BF7FF9191 /* Pods-Smack.release.xcconfig */,
			);
			name = Pods;
			sourceTree = "<group>";
		};
/* End PBXGroup section */

/* Begin PBXNativeTarget section */
		1465FA0E1F91993900872EAC /* Smack */ = {
			isa = PBXNativeTarget;
			buildConfigurationList = 1465FA211F91993900872EAC /* Build configuration list for PBXNativeTarget "Smack" */;
			buildPhases = (
				F854BF429E71F13182226BF0 /* [CP] Check Pods Manifest.lock */,
				1465FA0B1F91993900872EAC /* Sources */,
				1465FA0C1F91993900872EAC /* Frameworks */,
				1465FA0D1F91993900872EAC /* Resources */,
				71F5A5582629C2EC8E9A79DD /* [CP] Embed Pods Frameworks */,
				0C401404F87E9BB0B0743B7B /* [CP] Copy Pods Resources */,
			);
			buildRules = (
			);
			dependencies = (
			);
			name = Smack;
			productName = Smack;
			productReference = 1465FA0F1F91993900872EAC /* Smack.app */;
			productType = "com.apple.product-type.application";
		};
/* End PBXNativeTarget section */

/* Begin PBXProject section */
		1465FA071F91993900872EAC /* Project object */ = {
			isa = PBXProject;
			attributes = {
				LastSwiftUpdateCheck = 0900;
				LastUpgradeCheck = 0900;
				ORGANIZATIONNAME = "Isaac Rodriguez";
				TargetAttributes = {
					1465FA0E1F91993900872EAC = {
						CreatedOnToolsVersion = 9.0;
						LastSwiftMigration = 0900;
						ProvisioningStyle = Automatic;
					};
				};
			};
			buildConfigurationList = 1465FA0A1F91993900872EAC /* Build configuration list for PBXProject "Smack" */;
			compatibilityVersion = "Xcode 8.0";
			developmentRegion = en;
			hasScannedForEncodings = 0;
			knownRegions = (
				en,
				Base,
			);
			mainGroup = 1465FA061F91993900872EAC;
			productRefGroup = 1465FA101F91993900872EAC /* Products */;
			projectDirPath = "";
			projectRoot = "";
			targets = (
				1465FA0E1F91993900872EAC /* Smack */,
			);
		};
/* End PBXProject section */

/* Begin PBXResourcesBuildPhase section */
		1465FA0D1F91993900872EAC /* Resources */ = {
			isa = PBXResourcesBuildPhase;
			buildActionMask = 2147483647;
			files = (
				1465FA1D1F91993900872EAC /* LaunchScreen.storyboard in Resources */,
				1465FA1A1F91993900872EAC /* Assets.xcassets in Resources */,
				1465FA181F91993900872EAC /* Main.storyboard in Resources */,
			);
			runOnlyForDeploymentPostprocessing = 0;
		};
/* End PBXResourcesBuildPhase section */

/* Begin PBXShellScriptBuildPhase section */
		0C401404F87E9BB0B0743B7B /* [CP] Copy Pods Resources */ = {
			isa = PBXShellScriptBuildPhase;
			buildActionMask = 2147483647;
			files = (
			);
			inputPaths = (
			);
			name = "[CP] Copy Pods Resources";
			outputPaths = (
			);
			runOnlyForDeploymentPostprocessing = 0;
			shellPath = /bin/sh;
			shellScript = "\"${SRCROOT}/Pods/Target Support Files/Pods-Smack/Pods-Smack-resources.sh\"\n";
			showEnvVarsInLog = 0;
		};
		71F5A5582629C2EC8E9A79DD /* [CP] Embed Pods Frameworks */ = {
			isa = PBXShellScriptBuildPhase;
			buildActionMask = 2147483647;
			files = (
			);
			inputPaths = (
			);
			name = "[CP] Embed Pods Frameworks";
			outputPaths = (
			);
			runOnlyForDeploymentPostprocessing = 0;
			shellPath = /bin/sh;
			shellScript = "\"${SRCROOT}/Pods/Target Support Files/Pods-Smack/Pods-Smack-frameworks.sh\"\n";
			showEnvVarsInLog = 0;
		};
		F854BF429E71F13182226BF0 /* [CP] Check Pods Manifest.lock */ = {
			isa = PBXShellScriptBuildPhase;
			buildActionMask = 2147483647;
			files = (
			);
			inputPaths = (
			);
			name = "[CP] Check Pods Manifest.lock";
			outputPaths = (
			);
			runOnlyForDeploymentPostprocessing = 0;
			shellPath = /bin/sh;
			shellScript = "diff \"${PODS_ROOT}/../Podfile.lock\" \"${PODS_ROOT}/Manifest.lock\" > /dev/null\nif [ $? != 0 ] ; then\n    # print error to STDERR\n    echo \"error: The sandbox is not in sync with the Podfile.lock. Run 'pod install' or update your CocoaPods installation.\" >&2\n    exit 1\nfi\n";
			showEnvVarsInLog = 0;
		};
/* End PBXShellScriptBuildPhase section */

/* Begin PBXSourcesBuildPhase section */
		1465FA0B1F91993900872EAC /* Sources */ = {
			isa = PBXSourcesBuildPhase;
			buildActionMask = 2147483647;
			files = (
				1465FA2C1F95203A00872EAC /* ChatVC.swift in Sources */,
				1465FA2E1F95209D00872EAC /* ChannelVC.swift in Sources */,
				1435D0CE1F9986EC00C9C8CB /* CreateAccountVC.swift in Sources */,
				14CBA6B11F9A8D51000F3797 /* AuthService.swift in Sources */,
				1435D0CC1F99567A00C9C8CB /* LoginVC.swift in Sources */,
				1435D0C71F979F9A00C9C8CB /* GradientView.swift in Sources */,
				1465FA131F91993900872EAC /* AppDelegate.swift in Sources */,
				14934FE21F9547F300FD3B01 /* SWRevealViewController.m in Sources */,
				1435D0CA1F9920A200C9C8CB /* Constants.swift in Sources */,
			);
			runOnlyForDeploymentPostprocessing = 0;
		};
/* End PBXSourcesBuildPhase section */

/* Begin PBXVariantGroup section */
		1465FA161F91993900872EAC /* Main.storyboard */ = {
			isa = PBXVariantGroup;
			children = (
				1465FA171F91993900872EAC /* Base */,
			);
			name = Main.storyboard;
			sourceTree = "<group>";
		};
		1465FA1B1F91993900872EAC /* LaunchScreen.storyboard */ = {
			isa = PBXVariantGroup;
			children = (
				1465FA1C1F91993900872EAC /* Base */,
			);
			name = LaunchScreen.storyboard;
			sourceTree = "<group>";
		};
/* End PBXVariantGroup section */

/* Begin XCBuildConfiguration section */
		1465FA1F1F91993900872EAC /* Debug */ = {
			isa = XCBuildConfiguration;
			buildSettings = {
				ALWAYS_SEARCH_USER_PATHS = NO;
				CLANG_ANALYZER_NONNULL = YES;
				CLANG_ANALYZER_NUMBER_OBJECT_CONVERSION = YES_AGGRESSIVE;
				CLANG_CXX_LANGUAGE_STANDARD = "gnu++14";
				CLANG_CXX_LIBRARY = "libc++";
				CLANG_ENABLE_MODULES = YES;
				CLANG_ENABLE_OBJC_ARC = YES;
				CLANG_WARN_BLOCK_CAPTURE_AUTORELEASING = YES;
				CLANG_WARN_BOOL_CONVERSION = YES;
				CLANG_WARN_COMMA = YES;
				CLANG_WARN_CONSTANT_CONVERSION = YES;
				CLANG_WARN_DIRECT_OBJC_ISA_USAGE = YES_ERROR;
				CLANG_WARN_DOCUMENTATION_COMMENTS = YES;
				CLANG_WARN_EMPTY_BODY = YES;
				CLANG_WARN_ENUM_CONVERSION = YES;
				CLANG_WARN_INFINITE_RECURSION = YES;
				CLANG_WARN_INT_CONVERSION = YES;
				CLANG_WARN_NON_LITERAL_NULL_CONVERSION = YES;
				CLANG_WARN_OBJC_LITERAL_CONVERSION = YES;
				CLANG_WARN_OBJC_ROOT_CLASS = YES_ERROR;
				CLANG_WARN_RANGE_LOOP_ANALYSIS = YES;
				CLANG_WARN_STRICT_PROTOTYPES = YES;
				CLANG_WARN_SUSPICIOUS_MOVE = YES;
				CLANG_WARN_UNGUARDED_AVAILABILITY = YES_AGGRESSIVE;
				CLANG_WARN_UNREACHABLE_CODE = YES;
				CLANG_WARN__DUPLICATE_METHOD_MATCH = YES;
				CODE_SIGN_IDENTITY = "iPhone Developer";
				COPY_PHASE_STRIP = NO;
				DEBUG_INFORMATION_FORMAT = dwarf;
				ENABLE_STRICT_OBJC_MSGSEND = YES;
				ENABLE_TESTABILITY = YES;
				GCC_C_LANGUAGE_STANDARD = gnu11;
				GCC_DYNAMIC_NO_PIC = NO;
				GCC_NO_COMMON_BLOCKS = YES;
				GCC_OPTIMIZATION_LEVEL = 0;
				GCC_PREPROCESSOR_DEFINITIONS = (
					"DEBUG=1",
					"$(inherited)",
				);
				GCC_WARN_64_TO_32_BIT_CONVERSION = YES;
				GCC_WARN_ABOUT_RETURN_TYPE = YES_ERROR;
				GCC_WARN_UNDECLARED_SELECTOR = YES;
				GCC_WARN_UNINITIALIZED_AUTOS = YES_AGGRESSIVE;
				GCC_WARN_UNUSED_FUNCTION = YES;
				GCC_WARN_UNUSED_VARIABLE = YES;
				IPHONEOS_DEPLOYMENT_TARGET = 11.0;
				MTL_ENABLE_DEBUG_INFO = YES;
				ONLY_ACTIVE_ARCH = YES;
				SDKROOT = iphoneos;
				SWIFT_ACTIVE_COMPILATION_CONDITIONS = DEBUG;
				SWIFT_OPTIMIZATION_LEVEL = "-Onone";
			};
			name = Debug;
		};
		1465FA201F91993900872EAC /* Release */ = {
			isa = XCBuildConfiguration;
			buildSettings = {
				ALWAYS_SEARCH_USER_PATHS = NO;
				CLANG_ANALYZER_NONNULL = YES;
				CLANG_ANALYZER_NUMBER_OBJECT_CONVERSION = YES_AGGRESSIVE;
				CLANG_CXX_LANGUAGE_STANDARD = "gnu++14";
				CLANG_CXX_LIBRARY = "libc++";
				CLANG_ENABLE_MODULES = YES;
				CLANG_ENABLE_OBJC_ARC = YES;
				CLANG_WARN_BLOCK_CAPTURE_AUTORELEASING = YES;
				CLANG_WARN_BOOL_CONVERSION = YES;
				CLANG_WARN_COMMA = YES;
				CLANG_WARN_CONSTANT_CONVERSION = YES;
				CLANG_WARN_DIRECT_OBJC_ISA_USAGE = YES_ERROR;
				CLANG_WARN_DOCUMENTATION_COMMENTS = YES;
				CLANG_WARN_EMPTY_BODY = YES;
				CLANG_WARN_ENUM_CONVERSION = YES;
				CLANG_WARN_INFINITE_RECURSION = YES;
				CLANG_WARN_INT_CONVERSION = YES;
				CLANG_WARN_NON_LITERAL_NULL_CONVERSION = YES;
				CLANG_WARN_OBJC_LITERAL_CONVERSION = YES;
				CLANG_WARN_OBJC_ROOT_CLASS = YES_ERROR;
				CLANG_WARN_RANGE_LOOP_ANALYSIS = YES;
				CLANG_WARN_STRICT_PROTOTYPES = YES;
				CLANG_WARN_SUSPICIOUS_MOVE = YES;
				CLANG_WARN_UNGUARDED_AVAILABILITY = YES_AGGRESSIVE;
				CLANG_WARN_UNREACHABLE_CODE = YES;
				CLANG_WARN__DUPLICATE_METHOD_MATCH = YES;
				CODE_SIGN_IDENTITY = "iPhone Developer";
				COPY_PHASE_STRIP = NO;
				DEBUG_INFORMATION_FORMAT = "dwarf-with-dsym";
				ENABLE_NS_ASSERTIONS = NO;
				ENABLE_STRICT_OBJC_MSGSEND = YES;
				GCC_C_LANGUAGE_STANDARD = gnu11;
				GCC_NO_COMMON_BLOCKS = YES;
				GCC_WARN_64_TO_32_BIT_CONVERSION = YES;
				GCC_WARN_ABOUT_RETURN_TYPE = YES_ERROR;
				GCC_WARN_UNDECLARED_SELECTOR = YES;
				GCC_WARN_UNINITIALIZED_AUTOS = YES_AGGRESSIVE;
				GCC_WARN_UNUSED_FUNCTION = YES;
				GCC_WARN_UNUSED_VARIABLE = YES;
				IPHONEOS_DEPLOYMENT_TARGET = 11.0;
				MTL_ENABLE_DEBUG_INFO = NO;
				SDKROOT = iphoneos;
				SWIFT_OPTIMIZATION_LEVEL = "-Owholemodule";
				VALIDATE_PRODUCT = YES;
			};
			name = Release;
		};
		1465FA221F91993900872EAC /* Debug */ = {
			isa = XCBuildConfiguration;
			baseConfigurationReference = D44E365DB3570BFB281E107E /* Pods-Smack.debug.xcconfig */;
			buildSettings = {
				ASSETCATALOG_COMPILER_APPICON_NAME = AppIcon;
				CLANG_ENABLE_MODULES = YES;
				CODE_SIGN_STYLE = Automatic;
				DEVELOPMENT_TEAM = GF5KK69ZR2;
				INFOPLIST_FILE = Smack/Info.plist;
				LD_RUNPATH_SEARCH_PATHS = "$(inherited) @executable_path/Frameworks";
				PRODUCT_BUNDLE_IDENTIFIER = com.ellyonsoft.Smack;
				PRODUCT_NAME = "$(TARGET_NAME)";
				SWIFT_OBJC_BRIDGING_HEADER = "Smack/Supporting Files/Smack-Bridging-Header.h";
				SWIFT_OPTIMIZATION_LEVEL = "-Onone";
				SWIFT_VERSION = 4.0;
				TARGETED_DEVICE_FAMILY = "1,2";
			};
			name = Debug;
		};
		1465FA231F91993900872EAC /* Release */ = {
			isa = XCBuildConfiguration;
			baseConfigurationReference = 94DA9F01D19F219BF7FF9191 /* Pods-Smack.release.xcconfig */;
			buildSettings = {
				ASSETCATALOG_COMPILER_APPICON_NAME = AppIcon;
				CLANG_ENABLE_MODULES = YES;
				CODE_SIGN_STYLE = Automatic;
				DEVELOPMENT_TEAM = GF5KK69ZR2;
				INFOPLIST_FILE = Smack/Info.plist;
				LD_RUNPATH_SEARCH_PATHS = "$(inherited) @executable_path/Frameworks";
				PRODUCT_BUNDLE_IDENTIFIER = com.ellyonsoft.Smack;
				PRODUCT_NAME = "$(TARGET_NAME)";
				SWIFT_OBJC_BRIDGING_HEADER = "Smack/Supporting Files/Smack-Bridging-Header.h";
				SWIFT_VERSION = 4.0;
				TARGETED_DEVICE_FAMILY = "1,2";
			};
			name = Release;
		};
/* End XCBuildConfiguration section */

/* Begin XCConfigurationList section */
		1465FA0A1F91993900872EAC /* Build configuration list for PBXProject "Smack" */ = {
			isa = XCConfigurationList;
			buildConfigurations = (
				1465FA1F1F91993900872EAC /* Debug */,
				1465FA201F91993900872EAC /* Release */,
			);
			defaultConfigurationIsVisible = 0;
			defaultConfigurationName = Release;
		};
		1465FA211F91993900872EAC /* Build configuration list for PBXNativeTarget "Smack" */ = {
			isa = XCConfigurationList;
			buildConfigurations = (
				1465FA221F91993900872EAC /* Debug */,
				1465FA231F91993900872EAC /* Release */,
			);
			defaultConfigurationIsVisible = 0;
			defaultConfigurationName = Release;
		};
/* End XCConfigurationList section */
	};
	rootObject = 1465FA071F91993900872EAC /* Project object */;
}
